
Microsoft Visual Studio Solution File, Format Version 12.00
# Visual Studio 2013
VisualStudioVersion = 12.0.30110.0
MinimumVisualStudioVersion = 10.0.40219.1
Project("{FAE04EC0-301F-11D3-BF4B-00C04F79EFBC}") = "Central", "Central\Central.csproj", "{0B250074-9AE8-40D0-B84B-A6587A098AFB}"
	ProjectSection(ProjectDependencies) = postProject
		{9C8328B3-97FC-4F39-A1BC-6DC4A1730C26} = {9C8328B3-97FC-4F39-A1BC-6DC4A1730C26}
	EndProjectSection
EndProject
Project("{FAE04EC0-301F-11D3-BF4B-00C04F79EFBC}") = "Controls", "Controls\Controls.csproj", "{9C8328B3-97FC-4F39-A1BC-6DC4A1730C26}"
EndProject
Global
	GlobalSection(SolutionConfigurationPlatforms) = preSolution
		Debug|Any CPU = Debug|Any CPU
		Debug|Mixed Platforms = Debug|Mixed Platforms
		Debug|Windows Phone = Debug|Windows Phone
		Debug|x86 = Debug|x86
		Debug|Xbox 360 = Debug|Xbox 360
		Debug|Zune = Debug|Zune
		Release|Any CPU = Release|Any CPU
		Release|Mixed Platforms = Release|Mixed Platforms
		Release|Windows Phone = Release|Windows Phone
		Release|x86 = Release|x86
		Release|Xbox 360 = Release|Xbox 360
		Release|Zune = Release|Zune
	EndGlobalSection
	GlobalSection(ProjectConfigurationPlatforms) = postSolution
		{0B250074-9AE8-40D0-B84B-A6587A098AFB}.Debug|Any CPU.ActiveCfg = Debug|x86
		{0B250074-9AE8-40D0-B84B-A6587A098AFB}.Debug|Mixed Platforms.ActiveCfg = Release|x86
		{0B250074-9AE8-40D0-B84B-A6587A098AFB}.Debug|Mixed Platforms.Build.0 = Release|x86
		{0B250074-9AE8-40D0-B84B-A6587A098AFB}.Debug|Windows Phone.ActiveCfg = Debug|x86
		{0B250074-9AE8-40D0-B84B-A6587A098AFB}.Debug|Windows Phone.Build.0 = Debug|x86
		{0B250074-9AE8-40D0-B84B-A6587A098AFB}.Debug|x86.ActiveCfg = Debug|x86
		{0B250074-9AE8-40D0-B84B-A6587A098AFB}.Debug|x86.Build.0 = Debug|x86
		{0B250074-9AE8-40D0-B84B-A6587A098AFB}.Debug|Xbox 360.ActiveCfg = Debug|x86
		{0B250074-9AE8-40D0-B84B-A6587A098AFB}.Debug|Zune.ActiveCfg = Debug|x86
		{0B250074-9AE8-40D0-B84B-A6587A098AFB}.Release|Any CPU.ActiveCfg = Release|x86
		{0B250074-9AE8-40D0-B84B-A6587A098AFB}.Release|Mixed Platforms.ActiveCfg = Release|x86
		{0B250074-9AE8-40D0-B84B-A6587A098AFB}.Release|Mixed Platforms.Build.0 = Release|x86
		{0B250074-9AE8-40D0-B84B-A6587A098AFB}.Release|Windows Phone.ActiveCfg = Release|x86
		{0B250074-9AE8-40D0-B84B-A6587A098AFB}.Release|Windows Phone.Build.0 = Release|x86
		{0B250074-9AE8-40D0-B84B-A6587A098AFB}.Release|x86.ActiveCfg = Release|x86
		{0B250074-9AE8-40D0-B84B-A6587A098AFB}.Release|x86.Build.0 = Release|x86
		{0B250074-9AE8-40D0-B84B-A6587A098AFB}.Release|Xbox 360.ActiveCfg = Release|x86
		{0B250074-9AE8-40D0-B84B-A6587A098AFB}.Release|Zune.ActiveCfg = Release|x86
		{9C8328B3-97FC-4F39-A1BC-6DC4A1730C26}.Debug|Any CPU.ActiveCfg = Debug|x86
		{9C8328B3-97FC-4F39-A1BC-6DC4A1730C26}.Debug|Mixed Platforms.ActiveCfg = Release|x86
		{9C8328B3-97FC-4F39-A1BC-6DC4A1730C26}.Debug|Mixed Platforms.Build.0 = Release|x86
		{9C8328B3-97FC-4F39-A1BC-6DC4A1730C26}.Debug|Windows Phone.ActiveCfg = Debug|x86
		{9C8328B3-97FC-4F39-A1BC-6DC4A1730C26}.Debug|Windows Phone.Build.0 = Debug|x86
		{9C8328B3-97FC-4F39-A1BC-6DC4A1730C26}.Debug|x86.ActiveCfg = Debug|x86
		{9C8328B3-97FC-4F39-A1BC-6DC4A1730C26}.Debug|x86.Build.0 = Debug|x86
		{9C8328B3-97FC-4F39-A1BC-6DC4A1730C26}.Debug|Xbox 360.ActiveCfg = Debug|x86
		{9C8328B3-97FC-4F39-A1BC-6DC4A1730C26}.Debug|Zune.ActiveCfg = Debug|x86
		{9C8328B3-97FC-4F39-A1BC-6DC4A1730C26}.Release|Any CPU.ActiveCfg = Release|x86
		{9C8328B3-97FC-4F39-A1BC-6DC4A1730C26}.Release|Mixed Platforms.ActiveCfg = Release|x86
		{9C8328B3-97FC-4F39-A1BC-6DC4A1730C26}.Release|Mixed Platforms.Build.0 = Release|x86
		{9C8328B3-97FC-4F39-A1BC-6DC4A1730C26}.Release|Windows Phone.ActiveCfg = Release|x86
		{9C8328B3-97FC-4F39-A1BC-6DC4A1730C26}.Release|Windows Phone.Build.0 = Release|x86
		{9C8328B3-97FC-4F39-A1BC-6DC4A1730C26}.Release|x86.ActiveCfg = Release|x86
		{9C8328B3-97FC-4F39-A1BC-6DC4A1730C26}.Release|x86.Build.0 = Release|x86
		{9C8328B3-97FC-4F39-A1BC-6DC4A1730C26}.Release|Xbox 360.ActiveCfg = Release|x86
		{9C8328B3-97FC-4F39-A1BC-6DC4A1730C26}.Release|Zune.ActiveCfg = Release|x86
	EndGlobalSection
	GlobalSection(SolutionProperties) = preSolution
		HideSolutionNode = FALSE
	EndGlobalSection
EndGlobal
