
Microsoft Visual Studio Solution File, Format Version 11.00
# Visual Studio 2010
Project("{FAE04EC0-301F-11D3-BF4B-00C04F79EFBC}") = "Controls 360", "Controls\Controls 360.csproj", "{F05332D5-4CC8-43AA-B08D-E6FB9527BFA2}"
	ProjectSection(ProjectDependencies) = postProject
		{6C6FEE0E-7114-4AC4-A80E-29425EE99DD5} = {6C6FEE0E-7114-4AC4-A80E-29425EE99DD5}
	EndProjectSection
EndProject
Project("{FAE04EC0-301F-11D3-BF4B-00C04F79EFBC}") = "Central 360", "Central\Central 360.csproj", "{2F73614D-2B4C-4F7E-A440-7570DB4A6EBE}"
EndProject
Project("{FAE04EC0-301F-11D3-BF4B-00C04F79EFBC}") = "Skins 360", "Skins\Skins 360.csproj", "{6C6FEE0E-7114-4AC4-A80E-29425EE99DD5}"
EndProject
Project("{FAE04EC0-301F-11D3-BF4B-00C04F79EFBC}") = "Controls 360Content", "Controls\Content\Controls 360Content.contentproj", "{35AFC410-C882-4EF4-8CE0-C53C2C712B0C}"
EndProject
Project("{FAE04EC0-301F-11D3-BF4B-00C04F79EFBC}") = "Central 360Content", "Central\Content\Central 360Content.contentproj", "{536F69A2-EDEA-4D12-A8A9-9AEC0AB05538}"
EndProject
Project("{FAE04EC0-301F-11D3-BF4B-00C04F79EFBC}") = "Skins 360Content", "Skins\Content\Skins 360Content.contentproj", "{ACB15DB5-8FC1-410D-8A07-9C2EE20A42ED}"
EndProject
Global
	GlobalSection(SolutionConfigurationPlatforms) = preSolution
		Debug|Any CPU = Debug|Any CPU
		Debug|Mixed Platforms = Debug|Mixed Platforms
		Debug|x86 = Debug|x86
		Debug|Xbox 360 = Debug|Xbox 360
		Debug|Zune = Debug|Zune
		Release|Any CPU = Release|Any CPU
		Release|Mixed Platforms = Release|Mixed Platforms
		Release|x86 = Release|x86
		Release|Xbox 360 = Release|Xbox 360
		Release|Zune = Release|Zune
	EndGlobalSection
	GlobalSection(ProjectConfigurationPlatforms) = postSolution
		{F05332D5-4CC8-43AA-B08D-E6FB9527BFA2}.Debug|Any CPU.ActiveCfg = Debug|Xbox 360
		{F05332D5-4CC8-43AA-B08D-E6FB9527BFA2}.Debug|Mixed Platforms.ActiveCfg = Debug|Xbox 360
		{F05332D5-4CC8-43AA-B08D-E6FB9527BFA2}.Debug|Mixed Platforms.Build.0 = Debug|Xbox 360
		{F05332D5-4CC8-43AA-B08D-E6FB9527BFA2}.Debug|x86.ActiveCfg = Debug|Xbox 360
		{F05332D5-4CC8-43AA-B08D-E6FB9527BFA2}.Debug|Xbox 360.ActiveCfg = Debug|Xbox 360
		{F05332D5-4CC8-43AA-B08D-E6FB9527BFA2}.Debug|Xbox 360.Build.0 = Debug|Xbox 360
		{F05332D5-4CC8-43AA-B08D-E6FB9527BFA2}.Debug|Zune.ActiveCfg = Debug|Xbox 360
		{F05332D5-4CC8-43AA-B08D-E6FB9527BFA2}.Release|Any CPU.ActiveCfg = Release|Xbox 360
		{F05332D5-4CC8-43AA-B08D-E6FB9527BFA2}.Release|Mixed Platforms.ActiveCfg = Release|Xbox 360
		{F05332D5-4CC8-43AA-B08D-E6FB9527BFA2}.Release|Mixed Platforms.Build.0 = Release|Xbox 360
		{F05332D5-4CC8-43AA-B08D-E6FB9527BFA2}.Release|x86.ActiveCfg = Release|Xbox 360
		{F05332D5-4CC8-43AA-B08D-E6FB9527BFA2}.Release|Xbox 360.ActiveCfg = Release|Xbox 360
		{F05332D5-4CC8-43AA-B08D-E6FB9527BFA2}.Release|Xbox 360.Build.0 = Release|Xbox 360
		{F05332D5-4CC8-43AA-B08D-E6FB9527BFA2}.Release|Zune.ActiveCfg = Release|Xbox 360
		{2F73614D-2B4C-4F7E-A440-7570DB4A6EBE}.Debug|Any CPU.ActiveCfg = Debug|Xbox 360
		{2F73614D-2B4C-4F7E-A440-7570DB4A6EBE}.Debug|Mixed Platforms.ActiveCfg = Debug|Xbox 360
		{2F73614D-2B4C-4F7E-A440-7570DB4A6EBE}.Debug|Mixed Platforms.Build.0 = Debug|Xbox 360
		{2F73614D-2B4C-4F7E-A440-7570DB4A6EBE}.Debug|Mixed Platforms.Deploy.0 = Debug|Xbox 360
		{2F73614D-2B4C-4F7E-A440-7570DB4A6EBE}.Debug|x86.ActiveCfg = Debug|Xbox 360
		{2F73614D-2B4C-4F7E-A440-7570DB4A6EBE}.Debug|Xbox 360.ActiveCfg = Debug|Xbox 360
		{2F73614D-2B4C-4F7E-A440-7570DB4A6EBE}.Debug|Xbox 360.Build.0 = Debug|Xbox 360
		{2F73614D-2B4C-4F7E-A440-7570DB4A6EBE}.Debug|Xbox 360.Deploy.0 = Debug|Xbox 360
		{2F73614D-2B4C-4F7E-A440-7570DB4A6EBE}.Debug|Zune.ActiveCfg = Debug|Xbox 360
		{2F73614D-2B4C-4F7E-A440-7570DB4A6EBE}.Release|Any CPU.ActiveCfg = Release|Xbox 360
		{2F73614D-2B4C-4F7E-A440-7570DB4A6EBE}.Release|Mixed Platforms.ActiveCfg = Release|Xbox 360
		{2F73614D-2B4C-4F7E-A440-7570DB4A6EBE}.Release|Mixed Platforms.Build.0 = Release|Xbox 360
		{2F73614D-2B4C-4F7E-A440-7570DB4A6EBE}.Release|Mixed Platforms.Deploy.0 = Release|Xbox 360
		{2F73614D-2B4C-4F7E-A440-7570DB4A6EBE}.Release|x86.ActiveCfg = Release|Xbox 360
		{2F73614D-2B4C-4F7E-A440-7570DB4A6EBE}.Release|Xbox 360.ActiveCfg = Release|Xbox 360
		{2F73614D-2B4C-4F7E-A440-7570DB4A6EBE}.Release|Xbox 360.Build.0 = Release|Xbox 360
		{2F73614D-2B4C-4F7E-A440-7570DB4A6EBE}.Release|Xbox 360.Deploy.0 = Release|Xbox 360
		{2F73614D-2B4C-4F7E-A440-7570DB4A6EBE}.Release|Zune.ActiveCfg = Release|Xbox 360
		{6C6FEE0E-7114-4AC4-A80E-29425EE99DD5}.Debug|Any CPU.ActiveCfg = Debug|Xbox 360
		{6C6FEE0E-7114-4AC4-A80E-29425EE99DD5}.Debug|Mixed Platforms.ActiveCfg = Debug|Xbox 360
		{6C6FEE0E-7114-4AC4-A80E-29425EE99DD5}.Debug|Mixed Platforms.Build.0 = Debug|Xbox 360
		{6C6FEE0E-7114-4AC4-A80E-29425EE99DD5}.Debug|Mixed Platforms.Deploy.0 = Debug|Xbox 360
		{6C6FEE0E-7114-4AC4-A80E-29425EE99DD5}.Debug|x86.ActiveCfg = Debug|Xbox 360
		{6C6FEE0E-7114-4AC4-A80E-29425EE99DD5}.Debug|Xbox 360.ActiveCfg = Debug|Xbox 360
		{6C6FEE0E-7114-4AC4-A80E-29425EE99DD5}.Debug|Xbox 360.Build.0 = Debug|Xbox 360
		{6C6FEE0E-7114-4AC4-A80E-29425EE99DD5}.Debug|Xbox 360.Deploy.0 = Debug|Xbox 360
		{6C6FEE0E-7114-4AC4-A80E-29425EE99DD5}.Debug|Zune.ActiveCfg = Debug|Xbox 360
		{6C6FEE0E-7114-4AC4-A80E-29425EE99DD5}.Release|Any CPU.ActiveCfg = Release|Xbox 360
		{6C6FEE0E-7114-4AC4-A80E-29425EE99DD5}.Release|Mixed Platforms.ActiveCfg = Release|Xbox 360
		{6C6FEE0E-7114-4AC4-A80E-29425EE99DD5}.Release|Mixed Platforms.Build.0 = Release|Xbox 360
		{6C6FEE0E-7114-4AC4-A80E-29425EE99DD5}.Release|Mixed Platforms.Deploy.0 = Release|Xbox 360
		{6C6FEE0E-7114-4AC4-A80E-29425EE99DD5}.Release|x86.ActiveCfg = Release|Xbox 360
		{6C6FEE0E-7114-4AC4-A80E-29425EE99DD5}.Release|Xbox 360.ActiveCfg = Release|Xbox 360
		{6C6FEE0E-7114-4AC4-A80E-29425EE99DD5}.Release|Xbox 360.Build.0 = Release|Xbox 360
		{6C6FEE0E-7114-4AC4-A80E-29425EE99DD5}.Release|Xbox 360.Deploy.0 = Release|Xbox 360
		{6C6FEE0E-7114-4AC4-A80E-29425EE99DD5}.Release|Zune.ActiveCfg = Release|Xbox 360
		{35AFC410-C882-4EF4-8CE0-C53C2C712B0C}.Debug|Any CPU.ActiveCfg = Debug|x86
		{35AFC410-C882-4EF4-8CE0-C53C2C712B0C}.Debug|Mixed Platforms.ActiveCfg = Debug|x86
		{35AFC410-C882-4EF4-8CE0-C53C2C712B0C}.Debug|x86.ActiveCfg = Debug|x86
		{35AFC410-C882-4EF4-8CE0-C53C2C712B0C}.Debug|Xbox 360.ActiveCfg = Debug|x86
		{35AFC410-C882-4EF4-8CE0-C53C2C712B0C}.Debug|Zune.ActiveCfg = Debug|x86
		{35AFC410-C882-4EF4-8CE0-C53C2C712B0C}.Release|Any CPU.ActiveCfg = Release|x86
		{35AFC410-C882-4EF4-8CE0-C53C2C712B0C}.Release|Mixed Platforms.ActiveCfg = Release|x86
		{35AFC410-C882-4EF4-8CE0-C53C2C712B0C}.Release|x86.ActiveCfg = Release|x86
		{35AFC410-C882-4EF4-8CE0-C53C2C712B0C}.Release|Xbox 360.ActiveCfg = Release|x86
		{35AFC410-C882-4EF4-8CE0-C53C2C712B0C}.Release|Zune.ActiveCfg = Release|x86
		{536F69A2-EDEA-4D12-A8A9-9AEC0AB05538}.Debug|Any CPU.ActiveCfg = Debug|x86
		{536F69A2-EDEA-4D12-A8A9-9AEC0AB05538}.Debug|Mixed Platforms.ActiveCfg = Debug|x86
		{536F69A2-EDEA-4D12-A8A9-9AEC0AB05538}.Debug|x86.ActiveCfg = Debug|x86
		{536F69A2-EDEA-4D12-A8A9-9AEC0AB05538}.Debug|Xbox 360.ActiveCfg = Debug|x86
		{536F69A2-EDEA-4D12-A8A9-9AEC0AB05538}.Debug|Zune.ActiveCfg = Debug|x86
		{536F69A2-EDEA-4D12-A8A9-9AEC0AB05538}.Release|Any CPU.ActiveCfg = Release|x86
		{536F69A2-EDEA-4D12-A8A9-9AEC0AB05538}.Release|Mixed Platforms.ActiveCfg = Release|x86
		{536F69A2-EDEA-4D12-A8A9-9AEC0AB05538}.Release|x86.ActiveCfg = Release|x86
		{536F69A2-EDEA-4D12-A8A9-9AEC0AB05538}.Release|Xbox 360.ActiveCfg = Release|x86
		{536F69A2-EDEA-4D12-A8A9-9AEC0AB05538}.Release|Zune.ActiveCfg = Release|x86
		{ACB15DB5-8FC1-410D-8A07-9C2EE20A42ED}.Debug|Any CPU.ActiveCfg = Debug|x86
		{ACB15DB5-8FC1-410D-8A07-9C2EE20A42ED}.Debug|Mixed Platforms.ActiveCfg = Debug|x86
		{ACB15DB5-8FC1-410D-8A07-9C2EE20A42ED}.Debug|x86.ActiveCfg = Debug|x86
		{ACB15DB5-8FC1-410D-8A07-9C2EE20A42ED}.Debug|Xbox 360.ActiveCfg = Debug|x86
		{ACB15DB5-8FC1-410D-8A07-9C2EE20A42ED}.Debug|Zune.ActiveCfg = Debug|x86
		{ACB15DB5-8FC1-410D-8A07-9C2EE20A42ED}.Release|Any CPU.ActiveCfg = Release|x86
		{ACB15DB5-8FC1-410D-8A07-9C2EE20A42ED}.Release|Mixed Platforms.ActiveCfg = Release|x86
		{ACB15DB5-8FC1-410D-8A07-9C2EE20A42ED}.Release|x86.ActiveCfg = Release|x86
		{ACB15DB5-8FC1-410D-8A07-9C2EE20A42ED}.Release|Xbox 360.ActiveCfg = Release|x86
		{ACB15DB5-8FC1-410D-8A07-9C2EE20A42ED}.Release|Zune.ActiveCfg = Release|x86
	EndGlobalSection
	GlobalSection(SolutionProperties) = preSolution
		HideSolutionNode = FALSE
	EndGlobalSection
EndGlobal
